
Microsoft Visual Studio Solution File, Format Version 12.00
# Visual Studio Version 16
VisualStudioVersion = 16.0.30413.136
MinimumVisualStudioVersion = 10.0.40219.1
Project("{FAE04EC0-301F-11D3-BF4B-00C04F79EFBC}") = "LineCountWed4", "LineCountWed4\LineCountWed4.csproj", "{C38EE9ED-99C6-4CE1-97A3-E7B05987E531}"
	ProjectSection(ProjectDependencies) = postProject
		{A992256E-1E66-4563-994F-D659975A0F7A} = {A992256E-1E66-4563-994F-D659975A0F7A}
	EndProjectSection
EndProject
Project("{E24C65DC-7377-472B-9ABA-BC803B73C61A}") = "WcfsLineCount", "WcfsLineCount\", "{A992256E-1E66-4563-994F-D659975A0F7A}"
	ProjectSection(WebsiteProperties) = preProject
		TargetFrameworkMoniker = ".NETFramework,Version%3Dv4.7.2"
		Debug.AspNetCompiler.VirtualPath = "/localhost_54756"
		Debug.AspNetCompiler.PhysicalPath = "WcfsLineCount\"
		Debug.AspNetCompiler.TargetPath = "PrecompiledWeb\localhost_54756\"
		Debug.AspNetCompiler.Updateable = "true"
		Debug.AspNetCompiler.ForceOverwrite = "true"
		Debug.AspNetCompiler.FixedNames = "false"
		Debug.AspNetCompiler.Debug = "True"
		Release.AspNetCompiler.VirtualPath = "/localhost_54756"
		Release.AspNetCompiler.PhysicalPath = "WcfsLineCount\"
		Release.AspNetCompiler.TargetPath = "PrecompiledWeb\localhost_54756\"
		Release.AspNetCompiler.Updateable = "true"
		Release.AspNetCompiler.ForceOverwrite = "true"
		Release.AspNetCompiler.FixedNames = "false"
		Release.AspNetCompiler.Debug = "False"
		VWDPort = "54756"
		SlnRelativePath = "WcfsLineCount\"
		DefaultWebSiteLanguage = "Visual C#"
	EndProjectSection
EndProject
Global
	GlobalSection(SolutionConfigurationPlatforms) = preSolution
		Debug|Any CPU = Debug|Any CPU
		Release|Any CPU = Release|Any CPU
	EndGlobalSection
	GlobalSection(ProjectConfigurationPlatforms) = postSolution
		{C38EE9ED-99C6-4CE1-97A3-E7B05987E531}.Debug|Any CPU.ActiveCfg = Debug|Any CPU
		{C38EE9ED-99C6-4CE1-97A3-E7B05987E531}.Debug|Any CPU.Build.0 = Debug|Any CPU
		{C38EE9ED-99C6-4CE1-97A3-E7B05987E531}.Release|Any CPU.ActiveCfg = Release|Any CPU
		{C38EE9ED-99C6-4CE1-97A3-E7B05987E531}.Release|Any CPU.Build.0 = Release|Any CPU
		{A992256E-1E66-4563-994F-D659975A0F7A}.Debug|Any CPU.ActiveCfg = Debug|Any CPU
		{A992256E-1E66-4563-994F-D659975A0F7A}.Debug|Any CPU.Build.0 = Debug|Any CPU
		{A992256E-1E66-4563-994F-D659975A0F7A}.Release|Any CPU.ActiveCfg = Debug|Any CPU
		{A992256E-1E66-4563-994F-D659975A0F7A}.Release|Any CPU.Build.0 = Debug|Any CPU
	EndGlobalSection
	GlobalSection(SolutionProperties) = preSolution
		HideSolutionNode = FALSE
	EndGlobalSection
	GlobalSection(ExtensibilityGlobals) = postSolution
		SolutionGuid = {1A5C8507-54DC-4D7C-BCE0-407955A6F234}
	EndGlobalSection
EndGlobal
